// !$*UTF8*$!
{
	archiveVersion = 1;
	classes = {
	};
	objectVersion = 51;
	objects = {

/* Begin PBXBuildFile section */
		270D7661261927B80085EFC1 /* RecurringsView.swift in Sources */ = {isa = PBXBuildFile; fileRef = 270D7660261927B80085EFC1 /* RecurringsView.swift */; };
		270D76652619299B0085EFC1 /* CalculatorView.swift in Sources */ = {isa = PBXBuildFile; fileRef = 270D76642619299B0085EFC1 /* CalculatorView.swift */; };
		270D766A26192FBC0085EFC1 /* ProgressBar.swift in Sources */ = {isa = PBXBuildFile; fileRef = 270D766926192FBC0085EFC1 /* ProgressBar.swift */; };
		270D766D261931C10085EFC1 /* DonutChart.swift in Sources */ = {isa = PBXBuildFile; fileRef = 270D766C261931C10085EFC1 /* DonutChart.swift */; };
		2764D139261978E5002F11D2 /* deleteButton.swift in Sources */ = {isa = PBXBuildFile; fileRef = 2764D138261978E5002F11D2 /* deleteButton.swift */; };
		2764D13C26198524002F11D2 /* BudgetDetail.swift in Sources */ = {isa = PBXBuildFile; fileRef = 2764D13B26198524002F11D2 /* BudgetDetail.swift */; };
		277860522618087200DF4839 /* EmojiPicker.swift in Sources */ = {isa = PBXBuildFile; fileRef = 277860512618087200DF4839 /* EmojiPicker.swift */; };
		27786055261808CC00DF4839 /* String.swift in Sources */ = {isa = PBXBuildFile; fileRef = 27786054261808CC00DF4839 /* String.swift */; };
		2778605C26181B5800DF4839 /* EmojiTextField.swift in Sources */ = {isa = PBXBuildFile; fileRef = 2778605B26181B5800DF4839 /* EmojiTextField.swift */; };
		2778606226181E1C00DF4839 /* CustomButton.swift in Sources */ = {isa = PBXBuildFile; fileRef = 2778606126181E1C00DF4839 /* CustomButton.swift */; };
		277A7E862618F8DC0062E5B5 /* RealmExtensions.swift in Sources */ = {isa = PBXBuildFile; fileRef = 277A7E852618F8DC0062E5B5 /* RealmExtensions.swift */; };
		27BD6589261A7BB200F5E7A7 /* FivoSans-Light-Oblique.otf in Resources */ = {isa = PBXBuildFile; fileRef = 27BD657B261A7BB200F5E7A7 /* FivoSans-Light-Oblique.otf */; };
		27BD658A261A7BB200F5E7A7 /* FivoSans-Bold-Oblique.otf in Resources */ = {isa = PBXBuildFile; fileRef = 27BD657C261A7BB200F5E7A7 /* FivoSans-Bold-Oblique.otf */; };
		27BD658B261A7BB200F5E7A7 /* FivoSans-Black.otf in Resources */ = {isa = PBXBuildFile; fileRef = 27BD657D261A7BB200F5E7A7 /* FivoSans-Black.otf */; };
		27BD658C261A7BB200F5E7A7 /* FivoSans-Bold.otf in Resources */ = {isa = PBXBuildFile; fileRef = 27BD657E261A7BB200F5E7A7 /* FivoSans-Bold.otf */; };
		27BD658D261A7BB200F5E7A7 /* FivoSans-Thin.otf in Resources */ = {isa = PBXBuildFile; fileRef = 27BD657F261A7BB200F5E7A7 /* FivoSans-Thin.otf */; };
		27BD658E261A7BB200F5E7A7 /* FivoSans-Medium.otf in Resources */ = {isa = PBXBuildFile; fileRef = 27BD6580261A7BB200F5E7A7 /* FivoSans-Medium.otf */; };
		27BD658F261A7BB200F5E7A7 /* FivoSans-Light.otf in Resources */ = {isa = PBXBuildFile; fileRef = 27BD6581261A7BB200F5E7A7 /* FivoSans-Light.otf */; };
		27BD6590261A7BB200F5E7A7 /* FivoSans-Regular.otf in Resources */ = {isa = PBXBuildFile; fileRef = 27BD6582261A7BB200F5E7A7 /* FivoSans-Regular.otf */; };
		27BD6591261A7BB200F5E7A7 /* FivoSans-Medium-Oblique.otf in Resources */ = {isa = PBXBuildFile; fileRef = 27BD6583261A7BB200F5E7A7 /* FivoSans-Medium-Oblique.otf */; };
		27BD6592261A7BB200F5E7A7 /* FivoSans-Black-Oblique.otf in Resources */ = {isa = PBXBuildFile; fileRef = 27BD6584261A7BB200F5E7A7 /* FivoSans-Black-Oblique.otf */; };
		27BD6593261A7BB200F5E7A7 /* FivoSans-Heavy-Oblique.otf in Resources */ = {isa = PBXBuildFile; fileRef = 27BD6585261A7BB200F5E7A7 /* FivoSans-Heavy-Oblique.otf */; };
		27BD6594261A7BB200F5E7A7 /* FivoSans-Heavy.otf in Resources */ = {isa = PBXBuildFile; fileRef = 27BD6586261A7BB200F5E7A7 /* FivoSans-Heavy.otf */; };
		27BD6595261A7BB200F5E7A7 /* FivoSans-Thin-Oblique.otf in Resources */ = {isa = PBXBuildFile; fileRef = 27BD6587261A7BB200F5E7A7 /* FivoSans-Thin-Oblique.otf */; };
		27BD6596261A7BB200F5E7A7 /* FivoSans-Oblique.otf in Resources */ = {isa = PBXBuildFile; fileRef = 27BD6588261A7BB200F5E7A7 /* FivoSans-Oblique.otf */; };
		27E9A6F52617C9640080EE6F /* AddBudgetView.swift in Sources */ = {isa = PBXBuildFile; fileRef = 27E9A6F42617C9640080EE6F /* AddBudgetView.swift */; };
		27E9A6FD2617D77D0080EE6F /* SegmentedControlView.swift in Sources */ = {isa = PBXBuildFile; fileRef = 27E9A6FC2617D77D0080EE6F /* SegmentedControlView.swift */; };
		27EC5D432617B24B00783D20 /* AppDelegate.swift in Sources */ = {isa = PBXBuildFile; fileRef = 27EC5D422617B24B00783D20 /* AppDelegate.swift */; };
		27EC5D452617B24B00783D20 /* SceneDelegate.swift in Sources */ = {isa = PBXBuildFile; fileRef = 27EC5D442617B24B00783D20 /* SceneDelegate.swift */; };
		27EC5D472617B24B00783D20 /* ContentView.swift in Sources */ = {isa = PBXBuildFile; fileRef = 27EC5D462617B24B00783D20 /* ContentView.swift */; };
		27EC5D492617B24C00783D20 /* Assets.xcassets in Resources */ = {isa = PBXBuildFile; fileRef = 27EC5D482617B24C00783D20 /* Assets.xcassets */; };
		27EC5D4C2617B24C00783D20 /* Preview Assets.xcassets in Resources */ = {isa = PBXBuildFile; fileRef = 27EC5D4B2617B24C00783D20 /* Preview Assets.xcassets */; };
		27EC5D4F2617B24C00783D20 /* LaunchScreen.storyboard in Resources */ = {isa = PBXBuildFile; fileRef = 27EC5D4D2617B24C00783D20 /* LaunchScreen.storyboard */; };
		27EC5D5A2617B2E300783D20 /* Color.swift in Sources */ = {isa = PBXBuildFile; fileRef = 27EC5D592617B2E300783D20 /* Color.swift */; };
		27EC5D612617B33200783D20 /* BudgetView.swift in Sources */ = {isa = PBXBuildFile; fileRef = 27EC5D602617B33200783D20 /* BudgetView.swift */; };
		27EC5D642617B33D00783D20 /* OverviewView.swift in Sources */ = {isa = PBXBuildFile; fileRef = 27EC5D632617B33D00783D20 /* OverviewView.swift */; };
		27EC5D6B2617B3F700783D20 /* ColorModel.swift in Sources */ = {isa = PBXBuildFile; fileRef = 27EC5D6A2617B3F700783D20 /* ColorModel.swift */; };
		27EC5D6F2617BD3500783D20 /* Budget.swift in Sources */ = {isa = PBXBuildFile; fileRef = 27EC5D6E2617BD3500783D20 /* Budget.swift */; };
		27EC5D722617BDEB00783D20 /* RecurringCost.swift in Sources */ = {isa = PBXBuildFile; fileRef = 27EC5D712617BDEB00783D20 /* RecurringCost.swift */; };
		27EEB614261839A6007247AB /* BudgetModel.swift in Sources */ = {isa = PBXBuildFile; fileRef = 27EEB613261839A6007247AB /* BudgetModel.swift */; };
		27EEB61726183F50007247AB /* CategoriesList.swift in Sources */ = {isa = PBXBuildFile; fileRef = 27EEB61626183F50007247AB /* CategoriesList.swift */; };
		27FC268D26191589004247E2 /* AddRecurringCostView.swift in Sources */ = {isa = PBXBuildFile; fileRef = 27FC268C26191589004247E2 /* AddRecurringCostView.swift */; };
		6072D9598DD2149E4D1ACC13 /* Pods_Budget.framework in Frameworks */ = {isa = PBXBuildFile; fileRef = 205783F3736792D194D65C9A /* Pods_Budget.framework */; };
/* End PBXBuildFile section */

/* Begin PBXFileReference section */
		205783F3736792D194D65C9A /* Pods_Budget.framework */ = {isa = PBXFileReference; explicitFileType = wrapper.framework; includeInIndex = 0; path = Pods_Budget.framework; sourceTree = BUILT_PRODUCTS_DIR; };
		270D7660261927B80085EFC1 /* RecurringsView.swift */ = {isa = PBXFileReference; lastKnownFileType = sourcecode.swift; path = RecurringsView.swift; sourceTree = "<group>"; };
		270D76642619299B0085EFC1 /* CalculatorView.swift */ = {isa = PBXFileReference; lastKnownFileType = sourcecode.swift; path = CalculatorView.swift; sourceTree = "<group>"; };
		270D766926192FBC0085EFC1 /* ProgressBar.swift */ = {isa = PBXFileReference; lastKnownFileType = sourcecode.swift; path = ProgressBar.swift; sourceTree = "<group>"; };
		270D766C261931C10085EFC1 /* DonutChart.swift */ = {isa = PBXFileReference; lastKnownFileType = sourcecode.swift; path = DonutChart.swift; sourceTree = "<group>"; };
		2764D138261978E5002F11D2 /* deleteButton.swift */ = {isa = PBXFileReference; lastKnownFileType = sourcecode.swift; path = deleteButton.swift; sourceTree = "<group>"; };
		2764D13B26198524002F11D2 /* BudgetDetail.swift */ = {isa = PBXFileReference; lastKnownFileType = sourcecode.swift; path = BudgetDetail.swift; sourceTree = "<group>"; };
		277860512618087200DF4839 /* EmojiPicker.swift */ = {isa = PBXFileReference; lastKnownFileType = sourcecode.swift; path = EmojiPicker.swift; sourceTree = "<group>"; };
		27786054261808CC00DF4839 /* String.swift */ = {isa = PBXFileReference; lastKnownFileType = sourcecode.swift; path = String.swift; sourceTree = "<group>"; };
		2778605B26181B5800DF4839 /* EmojiTextField.swift */ = {isa = PBXFileReference; lastKnownFileType = sourcecode.swift; path = EmojiTextField.swift; sourceTree = "<group>"; };
		2778606126181E1C00DF4839 /* CustomButton.swift */ = {isa = PBXFileReference; lastKnownFileType = sourcecode.swift; path = CustomButton.swift; sourceTree = "<group>"; };
		277A7E852618F8DC0062E5B5 /* RealmExtensions.swift */ = {isa = PBXFileReference; lastKnownFileType = sourcecode.swift; path = RealmExtensions.swift; sourceTree = "<group>"; };
		27BD657B261A7BB200F5E7A7 /* FivoSans-Light-Oblique.otf */ = {isa = PBXFileReference; lastKnownFileType = file; path = "FivoSans-Light-Oblique.otf"; sourceTree = "<group>"; };
		27BD657C261A7BB200F5E7A7 /* FivoSans-Bold-Oblique.otf */ = {isa = PBXFileReference; lastKnownFileType = file; path = "FivoSans-Bold-Oblique.otf"; sourceTree = "<group>"; };
		27BD657D261A7BB200F5E7A7 /* FivoSans-Black.otf */ = {isa = PBXFileReference; lastKnownFileType = file; path = "FivoSans-Black.otf"; sourceTree = "<group>"; };
		27BD657E261A7BB200F5E7A7 /* FivoSans-Bold.otf */ = {isa = PBXFileReference; lastKnownFileType = file; path = "FivoSans-Bold.otf"; sourceTree = "<group>"; };
		27BD657F261A7BB200F5E7A7 /* FivoSans-Thin.otf */ = {isa = PBXFileReference; lastKnownFileType = file; path = "FivoSans-Thin.otf"; sourceTree = "<group>"; };
		27BD6580261A7BB200F5E7A7 /* FivoSans-Medium.otf */ = {isa = PBXFileReference; lastKnownFileType = file; path = "FivoSans-Medium.otf"; sourceTree = "<group>"; };
		27BD6581261A7BB200F5E7A7 /* FivoSans-Light.otf */ = {isa = PBXFileReference; lastKnownFileType = file; path = "FivoSans-Light.otf"; sourceTree = "<group>"; };
		27BD6582261A7BB200F5E7A7 /* FivoSans-Regular.otf */ = {isa = PBXFileReference; lastKnownFileType = file; path = "FivoSans-Regular.otf"; sourceTree = "<group>"; };
		27BD6583261A7BB200F5E7A7 /* FivoSans-Medium-Oblique.otf */ = {isa = PBXFileReference; lastKnownFileType = file; path = "FivoSans-Medium-Oblique.otf"; sourceTree = "<group>"; };
		27BD6584261A7BB200F5E7A7 /* FivoSans-Black-Oblique.otf */ = {isa = PBXFileReference; lastKnownFileType = file; path = "FivoSans-Black-Oblique.otf"; sourceTree = "<group>"; };
		27BD6585261A7BB200F5E7A7 /* FivoSans-Heavy-Oblique.otf */ = {isa = PBXFileReference; lastKnownFileType = file; path = "FivoSans-Heavy-Oblique.otf"; sourceTree = "<group>"; };
		27BD6586261A7BB200F5E7A7 /* FivoSans-Heavy.otf */ = {isa = PBXFileReference; lastKnownFileType = file; path = "FivoSans-Heavy.otf"; sourceTree = "<group>"; };
		27BD6587261A7BB200F5E7A7 /* FivoSans-Thin-Oblique.otf */ = {isa = PBXFileReference; lastKnownFileType = file; path = "FivoSans-Thin-Oblique.otf"; sourceTree = "<group>"; };
		27BD6588261A7BB200F5E7A7 /* FivoSans-Oblique.otf */ = {isa = PBXFileReference; lastKnownFileType = file; path = "FivoSans-Oblique.otf"; sourceTree = "<group>"; };
		27E9A6F42617C9640080EE6F /* AddBudgetView.swift */ = {isa = PBXFileReference; lastKnownFileType = sourcecode.swift; path = AddBudgetView.swift; sourceTree = "<group>"; };
		27E9A6FC2617D77D0080EE6F /* SegmentedControlView.swift */ = {isa = PBXFileReference; lastKnownFileType = sourcecode.swift; path = SegmentedControlView.swift; sourceTree = "<group>"; };
		27EC5D3F2617B24B00783D20 /* Budget.app */ = {isa = PBXFileReference; explicitFileType = wrapper.application; includeInIndex = 0; path = Budget.app; sourceTree = BUILT_PRODUCTS_DIR; };
		27EC5D422617B24B00783D20 /* AppDelegate.swift */ = {isa = PBXFileReference; lastKnownFileType = sourcecode.swift; path = AppDelegate.swift; sourceTree = "<group>"; };
		27EC5D442617B24B00783D20 /* SceneDelegate.swift */ = {isa = PBXFileReference; lastKnownFileType = sourcecode.swift; path = SceneDelegate.swift; sourceTree = "<group>"; };
		27EC5D462617B24B00783D20 /* ContentView.swift */ = {isa = PBXFileReference; lastKnownFileType = sourcecode.swift; path = ContentView.swift; sourceTree = "<group>"; };
		27EC5D482617B24C00783D20 /* Assets.xcassets */ = {isa = PBXFileReference; lastKnownFileType = folder.assetcatalog; path = Assets.xcassets; sourceTree = "<group>"; };
		27EC5D4B2617B24C00783D20 /* Preview Assets.xcassets */ = {isa = PBXFileReference; lastKnownFileType = folder.assetcatalog; path = "Preview Assets.xcassets"; sourceTree = "<group>"; };
		27EC5D4E2617B24C00783D20 /* Base */ = {isa = PBXFileReference; lastKnownFileType = file.storyboard; name = Base; path = Base.lproj/LaunchScreen.storyboard; sourceTree = "<group>"; };
		27EC5D502617B24C00783D20 /* Info.plist */ = {isa = PBXFileReference; lastKnownFileType = text.plist.xml; path = Info.plist; sourceTree = "<group>"; };
		27EC5D592617B2E300783D20 /* Color.swift */ = {isa = PBXFileReference; lastKnownFileType = sourcecode.swift; path = Color.swift; sourceTree = "<group>"; };
		27EC5D602617B33200783D20 /* BudgetView.swift */ = {isa = PBXFileReference; lastKnownFileType = sourcecode.swift; path = BudgetView.swift; sourceTree = "<group>"; };
		27EC5D632617B33D00783D20 /* OverviewView.swift */ = {isa = PBXFileReference; lastKnownFileType = sourcecode.swift; path = OverviewView.swift; sourceTree = "<group>"; };
		27EC5D6A2617B3F700783D20 /* ColorModel.swift */ = {isa = PBXFileReference; lastKnownFileType = sourcecode.swift; path = ColorModel.swift; sourceTree = "<group>"; };
		27EC5D6E2617BD3500783D20 /* Budget.swift */ = {isa = PBXFileReference; lastKnownFileType = sourcecode.swift; path = Budget.swift; sourceTree = "<group>"; };
		27EC5D712617BDEB00783D20 /* RecurringCost.swift */ = {isa = PBXFileReference; lastKnownFileType = sourcecode.swift; path = RecurringCost.swift; sourceTree = "<group>"; };
		27EEB613261839A6007247AB /* BudgetModel.swift */ = {isa = PBXFileReference; lastKnownFileType = sourcecode.swift; path = BudgetModel.swift; sourceTree = "<group>"; };
		27EEB61626183F50007247AB /* CategoriesList.swift */ = {isa = PBXFileReference; lastKnownFileType = sourcecode.swift; path = CategoriesList.swift; sourceTree = "<group>"; };
		27FC268C26191589004247E2 /* AddRecurringCostView.swift */ = {isa = PBXFileReference; lastKnownFileType = sourcecode.swift; path = AddRecurringCostView.swift; sourceTree = "<group>"; };
		B94EF479F9A79DC656C7772E /* Pods-Budget.release.xcconfig */ = {isa = PBXFileReference; includeInIndex = 1; lastKnownFileType = text.xcconfig; name = "Pods-Budget.release.xcconfig"; path = "Target Support Files/Pods-Budget/Pods-Budget.release.xcconfig"; sourceTree = "<group>"; };
		C9AB336985F0BC29DF360590 /* Pods-Budget.debug.xcconfig */ = {isa = PBXFileReference; includeInIndex = 1; lastKnownFileType = text.xcconfig; name = "Pods-Budget.debug.xcconfig"; path = "Target Support Files/Pods-Budget/Pods-Budget.debug.xcconfig"; sourceTree = "<group>"; };
/* End PBXFileReference section */

/* Begin PBXFrameworksBuildPhase section */
		27EC5D3C2617B24B00783D20 /* Frameworks */ = {
			isa = PBXFrameworksBuildPhase;
			buildActionMask = 2147483647;
			files = (
				6072D9598DD2149E4D1ACC13 /* Pods_Budget.framework in Frameworks */,
			);
			runOnlyForDeploymentPostprocessing = 0;
		};
/* End PBXFrameworksBuildPhase section */

/* Begin PBXGroup section */
		27BD657A261A7B9F00F5E7A7 /* Fonts */ = {
			isa = PBXGroup;
			children = (
				27BD6584261A7BB200F5E7A7 /* FivoSans-Black-Oblique.otf */,
				27BD657D261A7BB200F5E7A7 /* FivoSans-Black.otf */,
				27BD657C261A7BB200F5E7A7 /* FivoSans-Bold-Oblique.otf */,
				27BD657E261A7BB200F5E7A7 /* FivoSans-Bold.otf */,
				27BD6585261A7BB200F5E7A7 /* FivoSans-Heavy-Oblique.otf */,
				27BD6586261A7BB200F5E7A7 /* FivoSans-Heavy.otf */,
				27BD657B261A7BB200F5E7A7 /* FivoSans-Light-Oblique.otf */,
				27BD6581261A7BB200F5E7A7 /* FivoSans-Light.otf */,
				27BD6583261A7BB200F5E7A7 /* FivoSans-Medium-Oblique.otf */,
				27BD6580261A7BB200F5E7A7 /* FivoSans-Medium.otf */,
				27BD6588261A7BB200F5E7A7 /* FivoSans-Oblique.otf */,
				27BD6582261A7BB200F5E7A7 /* FivoSans-Regular.otf */,
				27BD6587261A7BB200F5E7A7 /* FivoSans-Thin-Oblique.otf */,
				27BD657F261A7BB200F5E7A7 /* FivoSans-Thin.otf */,
			);
			path = Fonts;
			sourceTree = "<group>";
		};
		27E9A6FB2617D7710080EE6F /* ExtraViews */ = {
			isa = PBXGroup;
			children = (
				27E9A6FC2617D77D0080EE6F /* SegmentedControlView.swift */,
				277860512618087200DF4839 /* EmojiPicker.swift */,
				2778605B26181B5800DF4839 /* EmojiTextField.swift */,
				2778606126181E1C00DF4839 /* CustomButton.swift */,
				270D766926192FBC0085EFC1 /* ProgressBar.swift */,
				270D766C261931C10085EFC1 /* DonutChart.swift */,
				2764D138261978E5002F11D2 /* deleteButton.swift */,
			);
			path = ExtraViews;
			sourceTree = "<group>";
		};
		27EC5D362617B24B00783D20 = {
			isa = PBXGroup;
			children = (
				27EC5D412617B24B00783D20 /* Budget */,
				27EC5D402617B24B00783D20 /* Products */,
				89026767277EC41A025E8302 /* Pods */,
				B07C00F8BABD76175E804E60 /* Frameworks */,
			);
			sourceTree = "<group>";
		};
		27EC5D402617B24B00783D20 /* Products */ = {
			isa = PBXGroup;
			children = (
				27EC5D3F2617B24B00783D20 /* Budget.app */,
			);
			name = Products;
			sourceTree = "<group>";
		};
		27EC5D412617B24B00783D20 /* Budget */ = {
			isa = PBXGroup;
			children = (
				27EC5D692617B3E700783D20 /* Models */,
				27EC5D582617B2D700783D20 /* Extensions */,
				27BD657A261A7B9F00F5E7A7 /* Fonts */,
				27EC5D572617B2CD00783D20 /* Views */,
				27EC5D422617B24B00783D20 /* AppDelegate.swift */,
				27EC5D442617B24B00783D20 /* SceneDelegate.swift */,
				27EC5D462617B24B00783D20 /* ContentView.swift */,
				27EC5D482617B24C00783D20 /* Assets.xcassets */,
				27EC5D4D2617B24C00783D20 /* LaunchScreen.storyboard */,
				27EC5D502617B24C00783D20 /* Info.plist */,
				27EC5D4A2617B24C00783D20 /* Preview Content */,
			);
			path = Budget;
			sourceTree = "<group>";
		};
		27EC5D4A2617B24C00783D20 /* Preview Content */ = {
			isa = PBXGroup;
			children = (
				27EC5D4B2617B24C00783D20 /* Preview Assets.xcassets */,
			);
			path = "Preview Content";
			sourceTree = "<group>";
		};
		27EC5D572617B2CD00783D20 /* Views */ = {
			isa = PBXGroup;
			children = (
				27E9A6FB2617D7710080EE6F /* ExtraViews */,
				27EC5D602617B33200783D20 /* BudgetView.swift */,
				27E9A6F42617C9640080EE6F /* AddBudgetView.swift */,
				27EEB61626183F50007247AB /* CategoriesList.swift */,
				27FC268C26191589004247E2 /* AddRecurringCostView.swift */,
				270D7660261927B80085EFC1 /* RecurringsView.swift */,
				270D76642619299B0085EFC1 /* CalculatorView.swift */,
				2764D13B26198524002F11D2 /* BudgetDetail.swift */,
				27EC5D632617B33D00783D20 /* OverviewView.swift */,
			);
			path = Views;
			sourceTree = "<group>";
		};
		27EC5D582617B2D700783D20 /* Extensions */ = {
			isa = PBXGroup;
			children = (
				27EC5D592617B2E300783D20 /* Color.swift */,
				27786054261808CC00DF4839 /* String.swift */,
				277A7E852618F8DC0062E5B5 /* RealmExtensions.swift */,
			);
			path = Extensions;
			sourceTree = "<group>";
		};
		27EC5D692617B3E700783D20 /* Models */ = {
			isa = PBXGroup;
			children = (
				27EC5D6A2617B3F700783D20 /* ColorModel.swift */,
				27EC5D6E2617BD3500783D20 /* Budget.swift */,
				27EC5D712617BDEB00783D20 /* RecurringCost.swift */,
				27EEB613261839A6007247AB /* BudgetModel.swift */,
			);
			path = Models;
			sourceTree = "<group>";
		};
		89026767277EC41A025E8302 /* Pods */ = {
			isa = PBXGroup;
			children = (
				C9AB336985F0BC29DF360590 /* Pods-Budget.debug.xcconfig */,
				B94EF479F9A79DC656C7772E /* Pods-Budget.release.xcconfig */,
			);
			path = Pods;
			sourceTree = "<group>";
		};
		B07C00F8BABD76175E804E60 /* Frameworks */ = {
			isa = PBXGroup;
			children = (
				205783F3736792D194D65C9A /* Pods_Budget.framework */,
			);
			name = Frameworks;
			sourceTree = "<group>";
		};
/* End PBXGroup section */

/* Begin PBXNativeTarget section */
		27EC5D3E2617B24B00783D20 /* Budget */ = {
			isa = PBXNativeTarget;
			buildConfigurationList = 27EC5D532617B24C00783D20 /* Build configuration list for PBXNativeTarget "Budget" */;
			buildPhases = (
				EA40C20430E95F821592C0C3 /* [CP] Check Pods Manifest.lock */,
				27EC5D3B2617B24B00783D20 /* Sources */,
				27EC5D3C2617B24B00783D20 /* Frameworks */,
				27EC5D3D2617B24B00783D20 /* Resources */,
				93D8AF02CA20AF99FB29D20D /* [CP] Embed Pods Frameworks */,
			);
			buildRules = (
			);
			dependencies = (
			);
			name = Budget;
			productName = Budget;
			productReference = 27EC5D3F2617B24B00783D20 /* Budget.app */;
			productType = "com.apple.product-type.application";
		};
/* End PBXNativeTarget section */

/* Begin PBXProject section */
		27EC5D372617B24B00783D20 /* Project object */ = {
			isa = PBXProject;
			attributes = {
				LastSwiftUpdateCheck = 1220;
				LastUpgradeCheck = 1220;
				TargetAttributes = {
					27EC5D3E2617B24B00783D20 = {
						CreatedOnToolsVersion = 12.2;
					};
				};
			};
			buildConfigurationList = 27EC5D3A2617B24B00783D20 /* Build configuration list for PBXProject "Budget" */;
			compatibilityVersion = "Xcode 9.3";
			developmentRegion = en;
			hasScannedForEncodings = 0;
			knownRegions = (
				en,
				Base,
			);
			mainGroup = 27EC5D362617B24B00783D20;
			productRefGroup = 27EC5D402617B24B00783D20 /* Products */;
			projectDirPath = "";
			projectRoot = "";
			targets = (
				27EC5D3E2617B24B00783D20 /* Budget */,
			);
		};
/* End PBXProject section */

/* Begin PBXResourcesBuildPhase section */
		27EC5D3D2617B24B00783D20 /* Resources */ = {
			isa = PBXResourcesBuildPhase;
			buildActionMask = 2147483647;
			files = (
				27BD658C261A7BB200F5E7A7 /* FivoSans-Bold.otf in Resources */,
				27BD658D261A7BB200F5E7A7 /* FivoSans-Thin.otf in Resources */,
				27BD6594261A7BB200F5E7A7 /* FivoSans-Heavy.otf in Resources */,
				27BD658B261A7BB200F5E7A7 /* FivoSans-Black.otf in Resources */,
				27BD658F261A7BB200F5E7A7 /* FivoSans-Light.otf in Resources */,
				27BD658A261A7BB200F5E7A7 /* FivoSans-Bold-Oblique.otf in Resources */,
				27BD658E261A7BB200F5E7A7 /* FivoSans-Medium.otf in Resources */,
				27BD6595261A7BB200F5E7A7 /* FivoSans-Thin-Oblique.otf in Resources */,
				27BD6590261A7BB200F5E7A7 /* FivoSans-Regular.otf in Resources */,
				27EC5D4F2617B24C00783D20 /* LaunchScreen.storyboard in Resources */,
				27BD6589261A7BB200F5E7A7 /* FivoSans-Light-Oblique.otf in Resources */,
				27BD6596261A7BB200F5E7A7 /* FivoSans-Oblique.otf in Resources */,
				27BD6592261A7BB200F5E7A7 /* FivoSans-Black-Oblique.otf in Resources */,
				27EC5D4C2617B24C00783D20 /* Preview Assets.xcassets in Resources */,
				27EC5D492617B24C00783D20 /* Assets.xcassets in Resources */,
				27BD6593261A7BB200F5E7A7 /* FivoSans-Heavy-Oblique.otf in Resources */,
				27BD6591261A7BB200F5E7A7 /* FivoSans-Medium-Oblique.otf in Resources */,
			);
			runOnlyForDeploymentPostprocessing = 0;
		};
/* End PBXResourcesBuildPhase section */

/* Begin PBXShellScriptBuildPhase section */
		93D8AF02CA20AF99FB29D20D /* [CP] Embed Pods Frameworks */ = {
			isa = PBXShellScriptBuildPhase;
			buildActionMask = 2147483647;
			files = (
			);
			inputFileListPaths = (
				"${PODS_ROOT}/Target Support Files/Pods-Budget/Pods-Budget-frameworks-${CONFIGURATION}-input-files.xcfilelist",
			);
			name = "[CP] Embed Pods Frameworks";
			outputFileListPaths = (
				"${PODS_ROOT}/Target Support Files/Pods-Budget/Pods-Budget-frameworks-${CONFIGURATION}-output-files.xcfilelist",
			);
			runOnlyForDeploymentPostprocessing = 0;
			shellPath = /bin/sh;
			shellScript = "\"${PODS_ROOT}/Target Support Files/Pods-Budget/Pods-Budget-frameworks.sh\"\n";
			showEnvVarsInLog = 0;
		};
		EA40C20430E95F821592C0C3 /* [CP] Check Pods Manifest.lock */ = {
			isa = PBXShellScriptBuildPhase;
			buildActionMask = 2147483647;
			files = (
			);
			inputFileListPaths = (
			);
			inputPaths = (
				"${PODS_PODFILE_DIR_PATH}/Podfile.lock",
				"${PODS_ROOT}/Manifest.lock",
			);
			name = "[CP] Check Pods Manifest.lock";
			outputFileListPaths = (
			);
			outputPaths = (
				"$(DERIVED_FILE_DIR)/Pods-Budget-checkManifestLockResult.txt",
			);
			runOnlyForDeploymentPostprocessing = 0;
			shellPath = /bin/sh;
			shellScript = "diff \"${PODS_PODFILE_DIR_PATH}/Podfile.lock\" \"${PODS_ROOT}/Manifest.lock\" > /dev/null\nif [ $? != 0 ] ; then\n    # print error to STDERR\n    echo \"error: The sandbox is not in sync with the Podfile.lock. Run 'pod install' or update your CocoaPods installation.\" >&2\n    exit 1\nfi\n# This output is used by Xcode 'outputs' to avoid re-running this script phase.\necho \"SUCCESS\" > \"${SCRIPT_OUTPUT_FILE_0}\"\n";
			showEnvVarsInLog = 0;
		};
/* End PBXShellScriptBuildPhase section */

/* Begin PBXSourcesBuildPhase section */
		27EC5D3B2617B24B00783D20 /* Sources */ = {
			isa = PBXSourcesBuildPhase;
			buildActionMask = 2147483647;
			files = (
				27EC5D432617B24B00783D20 /* AppDelegate.swift in Sources */,
				2764D13C26198524002F11D2 /* BudgetDetail.swift in Sources */,
				27E9A6FD2617D77D0080EE6F /* SegmentedControlView.swift in Sources */,
				270D7661261927B80085EFC1 /* RecurringsView.swift in Sources */,
				270D76652619299B0085EFC1 /* CalculatorView.swift in Sources */,
				2778606226181E1C00DF4839 /* CustomButton.swift in Sources */,
				27EC5D612617B33200783D20 /* BudgetView.swift in Sources */,
				27EC5D6F2617BD3500783D20 /* Budget.swift in Sources */,
				27EC5D6B2617B3F700783D20 /* ColorModel.swift in Sources */,
				277860522618087200DF4839 /* EmojiPicker.swift in Sources */,
				27EEB61726183F50007247AB /* CategoriesList.swift in Sources */,
				27E9A6F52617C9640080EE6F /* AddBudgetView.swift in Sources */,
				27FC268D26191589004247E2 /* AddRecurringCostView.swift in Sources */,
				2764D139261978E5002F11D2 /* deleteButton.swift in Sources */,
				270D766D261931C10085EFC1 /* DonutChart.swift in Sources */,
				270D766A26192FBC0085EFC1 /* ProgressBar.swift in Sources */,
				27EC5D5A2617B2E300783D20 /* Color.swift in Sources */,
				27EC5D722617BDEB00783D20 /* RecurringCost.swift in Sources */,
				277A7E862618F8DC0062E5B5 /* RealmExtensions.swift in Sources */,
				27EEB614261839A6007247AB /* BudgetModel.swift in Sources */,
				27EC5D452617B24B00783D20 /* SceneDelegate.swift in Sources */,
				2778605C26181B5800DF4839 /* EmojiTextField.swift in Sources */,
				27786055261808CC00DF4839 /* String.swift in Sources */,
				27EC5D472617B24B00783D20 /* ContentView.swift in Sources */,
				27EC5D642617B33D00783D20 /* OverviewView.swift in Sources */,
			);
			runOnlyForDeploymentPostprocessing = 0;
		};
/* End PBXSourcesBuildPhase section */

/* Begin PBXVariantGroup section */
		27EC5D4D2617B24C00783D20 /* LaunchScreen.storyboard */ = {
			isa = PBXVariantGroup;
			children = (
				27EC5D4E2617B24C00783D20 /* Base */,
			);
			name = LaunchScreen.storyboard;
			sourceTree = "<group>";
		};
/* End PBXVariantGroup section */

/* Begin XCBuildConfiguration section */
		27EC5D512617B24C00783D20 /* Debug */ = {
			isa = XCBuildConfiguration;
			buildSettings = {
				ALWAYS_SEARCH_USER_PATHS = NO;
				CLANG_ANALYZER_NONNULL = YES;
				CLANG_ANALYZER_NUMBER_OBJECT_CONVERSION = YES_AGGRESSIVE;
				CLANG_CXX_LANGUAGE_STANDARD = "gnu++14";
				CLANG_CXX_LIBRARY = "libc++";
				CLANG_ENABLE_MODULES = YES;
				CLANG_ENABLE_OBJC_ARC = YES;
				CLANG_ENABLE_OBJC_WEAK = YES;
				CLANG_WARN_BLOCK_CAPTURE_AUTORELEASING = YES;
				CLANG_WARN_BOOL_CONVERSION = YES;
				CLANG_WARN_COMMA = YES;
				CLANG_WARN_CONSTANT_CONVERSION = YES;
				CLANG_WARN_DEPRECATED_OBJC_IMPLEMENTATIONS = YES;
				CLANG_WARN_DIRECT_OBJC_ISA_USAGE = YES_ERROR;
				CLANG_WARN_DOCUMENTATION_COMMENTS = YES;
				CLANG_WARN_EMPTY_BODY = YES;
				CLANG_WARN_ENUM_CONVERSION = YES;
				CLANG_WARN_INFINITE_RECURSION = YES;
				CLANG_WARN_INT_CONVERSION = YES;
				CLANG_WARN_NON_LITERAL_NULL_CONVERSION = YES;
				CLANG_WARN_OBJC_IMPLICIT_RETAIN_SELF = YES;
				CLANG_WARN_OBJC_LITERAL_CONVERSION = YES;
				CLANG_WARN_OBJC_ROOT_CLASS = YES_ERROR;
				CLANG_WARN_QUOTED_INCLUDE_IN_FRAMEWORK_HEADER = YES;
				CLANG_WARN_RANGE_LOOP_ANALYSIS = YES;
				CLANG_WARN_STRICT_PROTOTYPES = YES;
				CLANG_WARN_SUSPICIOUS_MOVE = YES;
				CLANG_WARN_UNGUARDED_AVAILABILITY = YES_AGGRESSIVE;
				CLANG_WARN_UNREACHABLE_CODE = YES;
				CLANG_WARN__DUPLICATE_METHOD_MATCH = YES;
				COPY_PHASE_STRIP = NO;
				DEBUG_INFORMATION_FORMAT = dwarf;
				ENABLE_STRICT_OBJC_MSGSEND = YES;
				ENABLE_TESTABILITY = YES;
				GCC_C_LANGUAGE_STANDARD = gnu11;
				GCC_DYNAMIC_NO_PIC = NO;
				GCC_NO_COMMON_BLOCKS = YES;
				GCC_OPTIMIZATION_LEVEL = 0;
				GCC_PREPROCESSOR_DEFINITIONS = (
					"DEBUG=1",
					"$(inherited)",
				);
				GCC_WARN_64_TO_32_BIT_CONVERSION = YES;
				GCC_WARN_ABOUT_RETURN_TYPE = YES_ERROR;
				GCC_WARN_UNDECLARED_SELECTOR = YES;
				GCC_WARN_UNINITIALIZED_AUTOS = YES_AGGRESSIVE;
				GCC_WARN_UNUSED_FUNCTION = YES;
				GCC_WARN_UNUSED_VARIABLE = YES;
				IPHONEOS_DEPLOYMENT_TARGET = 14.2;
				MTL_ENABLE_DEBUG_INFO = INCLUDE_SOURCE;
				MTL_FAST_MATH = YES;
				ONLY_ACTIVE_ARCH = YES;
				SDKROOT = iphoneos;
				SWIFT_ACTIVE_COMPILATION_CONDITIONS = DEBUG;
				SWIFT_OPTIMIZATION_LEVEL = "-Onone";
			};
			name = Debug;
		};
		27EC5D522617B24C00783D20 /* Release */ = {
			isa = XCBuildConfiguration;
			buildSettings = {
				ALWAYS_SEARCH_USER_PATHS = NO;
				CLANG_ANALYZER_NONNULL = YES;
				CLANG_ANALYZER_NUMBER_OBJECT_CONVERSION = YES_AGGRESSIVE;
				CLANG_CXX_LANGUAGE_STANDARD = "gnu++14";
				CLANG_CXX_LIBRARY = "libc++";
				CLANG_ENABLE_MODULES = YES;
				CLANG_ENABLE_OBJC_ARC = YES;
				CLANG_ENABLE_OBJC_WEAK = YES;
				CLANG_WARN_BLOCK_CAPTURE_AUTORELEASING = YES;
				CLANG_WARN_BOOL_CONVERSION = YES;
				CLANG_WARN_COMMA = YES;
				CLANG_WARN_CONSTANT_CONVERSION = YES;
				CLANG_WARN_DEPRECATED_OBJC_IMPLEMENTATIONS = YES;
				CLANG_WARN_DIRECT_OBJC_ISA_USAGE = YES_ERROR;
				CLANG_WARN_DOCUMENTATION_COMMENTS = YES;
				CLANG_WARN_EMPTY_BODY = YES;
				CLANG_WARN_ENUM_CONVERSION = YES;
				CLANG_WARN_INFINITE_RECURSION = YES;
				CLANG_WARN_INT_CONVERSION = YES;
				CLANG_WARN_NON_LITERAL_NULL_CONVERSION = YES;
				CLANG_WARN_OBJC_IMPLICIT_RETAIN_SELF = YES;
				CLANG_WARN_OBJC_LITERAL_CONVERSION = YES;
				CLANG_WARN_OBJC_ROOT_CLASS = YES_ERROR;
				CLANG_WARN_QUOTED_INCLUDE_IN_FRAMEWORK_HEADER = YES;
				CLANG_WARN_RANGE_LOOP_ANALYSIS = YES;
				CLANG_WARN_STRICT_PROTOTYPES = YES;
				CLANG_WARN_SUSPICIOUS_MOVE = YES;
				CLANG_WARN_UNGUARDED_AVAILABILITY = YES_AGGRESSIVE;
				CLANG_WARN_UNREACHABLE_CODE = YES;
				CLANG_WARN__DUPLICATE_METHOD_MATCH = YES;
				COPY_PHASE_STRIP = NO;
				DEBUG_INFORMATION_FORMAT = "dwarf-with-dsym";
				ENABLE_NS_ASSERTIONS = NO;
				ENABLE_STRICT_OBJC_MSGSEND = YES;
				GCC_C_LANGUAGE_STANDARD = gnu11;
				GCC_NO_COMMON_BLOCKS = YES;
				GCC_WARN_64_TO_32_BIT_CONVERSION = YES;
				GCC_WARN_ABOUT_RETURN_TYPE = YES_ERROR;
				GCC_WARN_UNDECLARED_SELECTOR = YES;
				GCC_WARN_UNINITIALIZED_AUTOS = YES_AGGRESSIVE;
				GCC_WARN_UNUSED_FUNCTION = YES;
				GCC_WARN_UNUSED_VARIABLE = YES;
				IPHONEOS_DEPLOYMENT_TARGET = 14.2;
				MTL_ENABLE_DEBUG_INFO = NO;
				MTL_FAST_MATH = YES;
				SDKROOT = iphoneos;
				SWIFT_COMPILATION_MODE = wholemodule;
				SWIFT_OPTIMIZATION_LEVEL = "-O";
				VALIDATE_PRODUCT = YES;
			};
			name = Release;
		};
		27EC5D542617B24C00783D20 /* Debug */ = {
			isa = XCBuildConfiguration;
			baseConfigurationReference = C9AB336985F0BC29DF360590 /* Pods-Budget.debug.xcconfig */;
			buildSettings = {
				ASSETCATALOG_COMPILER_APPICON_NAME = AppIcon;
				ASSETCATALOG_COMPILER_GLOBAL_ACCENT_COLOR_NAME = AccentColor;
				CODE_SIGN_STYLE = Automatic;
				DEVELOPMENT_ASSET_PATHS = "\"Budget/Preview Content\"";
				DEVELOPMENT_TEAM = W4D224N837;
				ENABLE_PREVIEWS = YES;
				INFOPLIST_FILE = Budget/Info.plist;
				LD_RUNPATH_SEARCH_PATHS = (
					"$(inherited)",
					"@executable_path/Frameworks",
				);
				PRODUCT_BUNDLE_IDENTIFIER = com.budget.Budget;
				PRODUCT_NAME = "$(TARGET_NAME)";
				SWIFT_VERSION = 5.0;
				TARGETED_DEVICE_FAMILY = "1,2";
			};
			name = Debug;
		};
		27EC5D552617B24C00783D20 /* Release */ = {
			isa = XCBuildConfiguration;
			baseConfigurationReference = B94EF479F9A79DC656C7772E /* Pods-Budget.release.xcconfig */;
			buildSettings = {
				ASSETCATALOG_COMPILER_APPICON_NAME = AppIcon;
				ASSETCATALOG_COMPILER_GLOBAL_ACCENT_COLOR_NAME = AccentColor;
				CODE_SIGN_STYLE = Automatic;
				DEVELOPMENT_ASSET_PATHS = "\"Budget/Preview Content\"";
				DEVELOPMENT_TEAM = W4D224N837;
				ENABLE_PREVIEWS = YES;
				INFOPLIST_FILE = Budget/Info.plist;
				LD_RUNPATH_SEARCH_PATHS = (
					"$(inherited)",
					"@executable_path/Frameworks",
				);
				PRODUCT_BUNDLE_IDENTIFIER = com.budget.Budget;
				PRODUCT_NAME = "$(TARGET_NAME)";
				SWIFT_VERSION = 5.0;
				TARGETED_DEVICE_FAMILY = "1,2";
			};
			name = Release;
		};
/* End XCBuildConfiguration section */

/* Begin XCConfigurationList section */
		27EC5D3A2617B24B00783D20 /* Build configuration list for PBXProject "Budget" */ = {
			isa = XCConfigurationList;
			buildConfigurations = (
				27EC5D512617B24C00783D20 /* Debug */,
				27EC5D522617B24C00783D20 /* Release */,
			);
			defaultConfigurationIsVisible = 0;
			defaultConfigurationName = Release;
		};
		27EC5D532617B24C00783D20 /* Build configuration list for PBXNativeTarget "Budget" */ = {
			isa = XCConfigurationList;
			buildConfigurations = (
				27EC5D542617B24C00783D20 /* Debug */,
				27EC5D552617B24C00783D20 /* Release */,
			);
			defaultConfigurationIsVisible = 0;
			defaultConfigurationName = Release;
		};
/* End XCConfigurationList section */
	};
	rootObject = 27EC5D372617B24B00783D20 /* Project object */;
}
